// !$*UTF8*$!
{
	archiveVersion = 1;
	classes = {
	};
	objectVersion = 51;
	objects = {

/* Begin PBXBuildFile section */
		16F69AC495904BBC32DCD254 /* Pods_MovieDB.framework in Frameworks */ = {isa = PBXBuildFile; fileRef = A56FA9DD9E6223B7DA2D05EF /* Pods_MovieDB.framework */; };
		2540B9DD22AFFF97003F6437 /* MovieListingPresenterImplTest.swift in Sources */ = {isa = PBXBuildFile; fileRef = 2540B9DC22AFFF97003F6437 /* MovieListingPresenterImplTest.swift */; };
		2540B9DF22B00493003F6437 /* MovieListingInteractorMock.swift in Sources */ = {isa = PBXBuildFile; fileRef = 2540B9DE22B00493003F6437 /* MovieListingInteractorMock.swift */; };
		2540B9E122B00E4A003F6437 /* MovieInteractorImplTest.swift in Sources */ = {isa = PBXBuildFile; fileRef = 2540B9E022B00E4A003F6437 /* MovieInteractorImplTest.swift */; };
		25A0FC5E22AEA94500AEFBDD /* MovieListingPresenter.swift in Sources */ = {isa = PBXBuildFile; fileRef = 25A0FC5D22AEA94500AEFBDD /* MovieListingPresenter.swift */; };
		25A0FC6022AEA97B00AEFBDD /* MovieListingPresenterImpl.swift in Sources */ = {isa = PBXBuildFile; fileRef = 25A0FC5F22AEA97B00AEFBDD /* MovieListingPresenterImpl.swift */; };
		25A0FC6222AED5EC00AEFBDD /* MainAssembler.swift in Sources */ = {isa = PBXBuildFile; fileRef = 25A0FC6122AED5EC00AEFBDD /* MainAssembler.swift */; };
		25A51EEE22ACE0890096184B /* AppDelegate.swift in Sources */ = {isa = PBXBuildFile; fileRef = 25A51EED22ACE0890096184B /* AppDelegate.swift */; };
		25A51EF022ACE0890096184B /* ViewController.swift in Sources */ = {isa = PBXBuildFile; fileRef = 25A51EEF22ACE0890096184B /* ViewController.swift */; };
		25A51EF322ACE0890096184B /* Main.storyboard in Resources */ = {isa = PBXBuildFile; fileRef = 25A51EF122ACE0890096184B /* Main.storyboard */; };
		25A51EF522ACE08A0096184B /* Assets.xcassets in Resources */ = {isa = PBXBuildFile; fileRef = 25A51EF422ACE08A0096184B /* Assets.xcassets */; };
		25A51EF822ACE08A0096184B /* LaunchScreen.storyboard in Resources */ = {isa = PBXBuildFile; fileRef = 25A51EF622ACE08A0096184B /* LaunchScreen.storyboard */; };
		25A51F0322ACE08A0096184B /* MovieDBTests.swift in Sources */ = {isa = PBXBuildFile; fileRef = 25A51F0222ACE08A0096184B /* MovieDBTests.swift */; };
		25A51F0E22ACE08A0096184B /* MovieDBUITests.swift in Sources */ = {isa = PBXBuildFile; fileRef = 25A51F0D22ACE08A0096184B /* MovieDBUITests.swift */; };
		25A51F2422ACE66B0096184B /* MovieListingDataSource.swift in Sources */ = {isa = PBXBuildFile; fileRef = 25A51F2322ACE66B0096184B /* MovieListingDataSource.swift */; };
		25A51F2622ACFF9D0096184B /* MovieListingViewCell.swift in Sources */ = {isa = PBXBuildFile; fileRef = 25A51F2522ACFF9D0096184B /* MovieListingViewCell.swift */; };
		25A51F2822AD24820096184B /* MovieListItemListener.swift in Sources */ = {isa = PBXBuildFile; fileRef = 25A51F2722AD24820096184B /* MovieListItemListener.swift */; };
		25A51F2A22AD27E80096184B /* MovieDetailViewController.swift in Sources */ = {isa = PBXBuildFile; fileRef = 25A51F2922AD27E80096184B /* MovieDetailViewController.swift */; };
		25A51F2F22AD50CB0096184B /* MovieInteractor.swift in Sources */ = {isa = PBXBuildFile; fileRef = 25A51F2E22AD50CB0096184B /* MovieInteractor.swift */; };
		25A51F3222AD51830096184B /* MovieInteractorImpl.swift in Sources */ = {isa = PBXBuildFile; fileRef = 25A51F3122AD51830096184B /* MovieInteractorImpl.swift */; };
		25A51F3422AD5F9C0096184B /* Constants.swift in Sources */ = {isa = PBXBuildFile; fileRef = 25A51F3322AD5F9C0096184B /* Constants.swift */; };
		25A51F3622AD60AE0096184B /* ListingModel.swift in Sources */ = {isa = PBXBuildFile; fileRef = 25A51F3522AD60AE0096184B /* ListingModel.swift */; };
		25A51F3A22AD7C3A0096184B /* ImageExtensions.swift in Sources */ = {isa = PBXBuildFile; fileRef = 25A51F3922AD7C3A0096184B /* ImageExtensions.swift */; };
		25FA5BB422B2C4B000F5C872 /* MovieListingService.swift in Sources */ = {isa = PBXBuildFile; fileRef = 25FA5BB322B2C4B000F5C872 /* MovieListingService.swift */; };
		25FA5BB622B2C50400F5C872 /* MovieListingServiceImpl.swift in Sources */ = {isa = PBXBuildFile; fileRef = 25FA5BB522B2C50400F5C872 /* MovieListingServiceImpl.swift */; };
		25FA5BB822B2C89700F5C872 /* MockMovieListingServiceImpl.swift in Sources */ = {isa = PBXBuildFile; fileRef = 25FA5BB722B2C89700F5C872 /* MockMovieListingServiceImpl.swift */; };
/* End PBXBuildFile section */

/* Begin PBXContainerItemProxy section */
		25A51EFF22ACE08A0096184B /* PBXContainerItemProxy */ = {
			isa = PBXContainerItemProxy;
			containerPortal = 25A51EE222ACE0890096184B /* Project object */;
			proxyType = 1;
			remoteGlobalIDString = 25A51EE922ACE0890096184B;
			remoteInfo = MovieDB;
		};
		25A51F0A22ACE08A0096184B /* PBXContainerItemProxy */ = {
			isa = PBXContainerItemProxy;
			containerPortal = 25A51EE222ACE0890096184B /* Project object */;
			proxyType = 1;
			remoteGlobalIDString = 25A51EE922ACE0890096184B;
			remoteInfo = MovieDB;
		};
/* End PBXContainerItemProxy section */

/* Begin PBXFileReference section */
		2540B9DC22AFFF97003F6437 /* MovieListingPresenterImplTest.swift */ = {isa = PBXFileReference; lastKnownFileType = sourcecode.swift; path = MovieListingPresenterImplTest.swift; sourceTree = "<group>"; };
		2540B9DE22B00493003F6437 /* MovieListingInteractorMock.swift */ = {isa = PBXFileReference; lastKnownFileType = sourcecode.swift; path = MovieListingInteractorMock.swift; sourceTree = "<group>"; };
		2540B9E022B00E4A003F6437 /* MovieInteractorImplTest.swift */ = {isa = PBXFileReference; lastKnownFileType = sourcecode.swift; path = MovieInteractorImplTest.swift; sourceTree = "<group>"; };
		25A0FC5D22AEA94500AEFBDD /* MovieListingPresenter.swift */ = {isa = PBXFileReference; lastKnownFileType = sourcecode.swift; path = MovieListingPresenter.swift; sourceTree = "<group>"; };
		25A0FC5F22AEA97B00AEFBDD /* MovieListingPresenterImpl.swift */ = {isa = PBXFileReference; lastKnownFileType = sourcecode.swift; path = MovieListingPresenterImpl.swift; sourceTree = "<group>"; };
		25A0FC6122AED5EC00AEFBDD /* MainAssembler.swift */ = {isa = PBXFileReference; lastKnownFileType = sourcecode.swift; path = MainAssembler.swift; sourceTree = "<group>"; };
		25A51EEA22ACE0890096184B /* MovieDB.app */ = {isa = PBXFileReference; explicitFileType = wrapper.application; includeInIndex = 0; path = MovieDB.app; sourceTree = BUILT_PRODUCTS_DIR; };
		25A51EED22ACE0890096184B /* AppDelegate.swift */ = {isa = PBXFileReference; lastKnownFileType = sourcecode.swift; path = AppDelegate.swift; sourceTree = "<group>"; };
		25A51EEF22ACE0890096184B /* ViewController.swift */ = {isa = PBXFileReference; lastKnownFileType = sourcecode.swift; path = ViewController.swift; sourceTree = "<group>"; };
		25A51EF222ACE0890096184B /* Base */ = {isa = PBXFileReference; lastKnownFileType = file.storyboard; name = Base; path = Base.lproj/Main.storyboard; sourceTree = "<group>"; };
		25A51EF422ACE08A0096184B /* Assets.xcassets */ = {isa = PBXFileReference; lastKnownFileType = folder.assetcatalog; path = Assets.xcassets; sourceTree = "<group>"; };
		25A51EF722ACE08A0096184B /* Base */ = {isa = PBXFileReference; lastKnownFileType = file.storyboard; name = Base; path = Base.lproj/LaunchScreen.storyboard; sourceTree = "<group>"; };
		25A51EF922ACE08A0096184B /* Info.plist */ = {isa = PBXFileReference; lastKnownFileType = text.plist.xml; path = Info.plist; sourceTree = "<group>"; };
		25A51EFE22ACE08A0096184B /* MovieDBTests.xctest */ = {isa = PBXFileReference; explicitFileType = wrapper.cfbundle; includeInIndex = 0; path = MovieDBTests.xctest; sourceTree = BUILT_PRODUCTS_DIR; };
		25A51F0222ACE08A0096184B /* MovieDBTests.swift */ = {isa = PBXFileReference; lastKnownFileType = sourcecode.swift; path = MovieDBTests.swift; sourceTree = "<group>"; };
		25A51F0422ACE08A0096184B /* Info.plist */ = {isa = PBXFileReference; lastKnownFileType = text.plist.xml; path = Info.plist; sourceTree = "<group>"; };
		25A51F0922ACE08A0096184B /* MovieDBUITests.xctest */ = {isa = PBXFileReference; explicitFileType = wrapper.cfbundle; includeInIndex = 0; path = MovieDBUITests.xctest; sourceTree = BUILT_PRODUCTS_DIR; };
		25A51F0D22ACE08A0096184B /* MovieDBUITests.swift */ = {isa = PBXFileReference; lastKnownFileType = sourcecode.swift; path = MovieDBUITests.swift; sourceTree = "<group>"; };
		25A51F0F22ACE08A0096184B /* Info.plist */ = {isa = PBXFileReference; lastKnownFileType = text.plist.xml; path = Info.plist; sourceTree = "<group>"; };
		25A51F2322ACE66B0096184B /* MovieListingDataSource.swift */ = {isa = PBXFileReference; lastKnownFileType = sourcecode.swift; path = MovieListingDataSource.swift; sourceTree = "<group>"; };
		25A51F2522ACFF9D0096184B /* MovieListingViewCell.swift */ = {isa = PBXFileReference; lastKnownFileType = sourcecode.swift; path = MovieListingViewCell.swift; sourceTree = "<group>"; };
		25A51F2722AD24820096184B /* MovieListItemListener.swift */ = {isa = PBXFileReference; lastKnownFileType = sourcecode.swift; path = MovieListItemListener.swift; sourceTree = "<group>"; };
		25A51F2922AD27E80096184B /* MovieDetailViewController.swift */ = {isa = PBXFileReference; lastKnownFileType = sourcecode.swift; path = MovieDetailViewController.swift; sourceTree = "<group>"; };
		25A51F2E22AD50CB0096184B /* MovieInteractor.swift */ = {isa = PBXFileReference; lastKnownFileType = sourcecode.swift; path = MovieInteractor.swift; sourceTree = "<group>"; };
		25A51F3122AD51830096184B /* MovieInteractorImpl.swift */ = {isa = PBXFileReference; lastKnownFileType = sourcecode.swift; path = MovieInteractorImpl.swift; sourceTree = "<group>"; };
		25A51F3322AD5F9C0096184B /* Constants.swift */ = {isa = PBXFileReference; lastKnownFileType = sourcecode.swift; path = Constants.swift; sourceTree = "<group>"; };
		25A51F3522AD60AE0096184B /* ListingModel.swift */ = {isa = PBXFileReference; lastKnownFileType = sourcecode.swift; path = ListingModel.swift; sourceTree = "<group>"; };
		25A51F3922AD7C3A0096184B /* ImageExtensions.swift */ = {isa = PBXFileReference; lastKnownFileType = sourcecode.swift; path = ImageExtensions.swift; sourceTree = "<group>"; };
		25FA5BB322B2C4B000F5C872 /* MovieListingService.swift */ = {isa = PBXFileReference; lastKnownFileType = sourcecode.swift; path = MovieListingService.swift; sourceTree = "<group>"; };
		25FA5BB522B2C50400F5C872 /* MovieListingServiceImpl.swift */ = {isa = PBXFileReference; lastKnownFileType = sourcecode.swift; path = MovieListingServiceImpl.swift; sourceTree = "<group>"; };
		25FA5BB722B2C89700F5C872 /* MockMovieListingServiceImpl.swift */ = {isa = PBXFileReference; lastKnownFileType = sourcecode.swift; path = MockMovieListingServiceImpl.swift; sourceTree = "<group>"; };
		5882DA86AB112550B4BAB93C /* Pods-MovieDB.debug.xcconfig */ = {isa = PBXFileReference; includeInIndex = 1; lastKnownFileType = text.xcconfig; name = "Pods-MovieDB.debug.xcconfig"; path = "Target Support Files/Pods-MovieDB/Pods-MovieDB.debug.xcconfig"; sourceTree = "<group>"; };
		A56FA9DD9E6223B7DA2D05EF /* Pods_MovieDB.framework */ = {isa = PBXFileReference; explicitFileType = wrapper.framework; includeInIndex = 0; path = Pods_MovieDB.framework; sourceTree = BUILT_PRODUCTS_DIR; };
		C8BA239EC1CF248A4D3AAFAE /* Pods-MovieDB.release.xcconfig */ = {isa = PBXFileReference; includeInIndex = 1; lastKnownFileType = text.xcconfig; name = "Pods-MovieDB.release.xcconfig"; path = "Target Support Files/Pods-MovieDB/Pods-MovieDB.release.xcconfig"; sourceTree = "<group>"; };
/* End PBXFileReference section */

/* Begin PBXFrameworksBuildPhase section */
		25A51EE722ACE0890096184B /* Frameworks */ = {
			isa = PBXFrameworksBuildPhase;
			buildActionMask = 2147483647;
			files = (
				16F69AC495904BBC32DCD254 /* Pods_MovieDB.framework in Frameworks */,
			);
			runOnlyForDeploymentPostprocessing = 0;
		};
		25A51EFB22ACE08A0096184B /* Frameworks */ = {
			isa = PBXFrameworksBuildPhase;
			buildActionMask = 2147483647;
			files = (
			);
			runOnlyForDeploymentPostprocessing = 0;
		};
		25A51F0622ACE08A0096184B /* Frameworks */ = {
			isa = PBXFrameworksBuildPhase;
			buildActionMask = 2147483647;
			files = (
			);
			runOnlyForDeploymentPostprocessing = 0;
		};
/* End PBXFrameworksBuildPhase section */

/* Begin PBXGroup section */
		2540B9E222B0101C003F6437 /* PresenterTests */ = {
			isa = PBXGroup;
			children = (
				2540B9DE22B00493003F6437 /* MovieListingInteractorMock.swift */,
				2540B9DC22AFFF97003F6437 /* MovieListingPresenterImplTest.swift */,
				25FA5BB722B2C89700F5C872 /* MockMovieListingServiceImpl.swift */,
			);
			path = PresenterTests;
			sourceTree = "<group>";
		};
		2540B9E322B0104D003F6437 /* MovieListingTests */ = {
			isa = PBXGroup;
			children = (
				2540B9E022B00E4A003F6437 /* MovieInteractorImplTest.swift */,
				2540B9E222B0101C003F6437 /* PresenterTests */,
			);
			path = MovieListingTests;
			sourceTree = "<group>";
		};
		25A0FC5C22AEA87900AEFBDD /* Presenter */ = {
			isa = PBXGroup;
			children = (
				25A0FC5D22AEA94500AEFBDD /* MovieListingPresenter.swift */,
				25A0FC5F22AEA97B00AEFBDD /* MovieListingPresenterImpl.swift */,
			);
			path = Presenter;
			sourceTree = "<group>";
		};
		25A51EE122ACE0890096184B = {
			isa = PBXGroup;
			children = (
				25A51EEC22ACE0890096184B /* MovieDB */,
				25A51F0122ACE08A0096184B /* MovieDBTests */,
				25A51F0C22ACE08A0096184B /* MovieDBUITests */,
				25A51EEB22ACE0890096184B /* Products */,
				E5368465C4E47B08BDF33407 /* Pods */,
				79052F6644FF0676B7907AD2 /* Frameworks */,
			);
			sourceTree = "<group>";
		};
		25A51EEB22ACE0890096184B /* Products */ = {
			isa = PBXGroup;
			children = (
				25A51EEA22ACE0890096184B /* MovieDB.app */,
				25A51EFE22ACE08A0096184B /* MovieDBTests.xctest */,
				25A51F0922ACE08A0096184B /* MovieDBUITests.xctest */,
			);
			name = Products;
			sourceTree = "<group>";
		};
		25A51EEC22ACE0890096184B /* MovieDB */ = {
			isa = PBXGroup;
			children = (
				25A51F2C22AD50520096184B /* MovieDetail */,
				25A51F2B22AD502E0096184B /* MovieListing */,
				25A51EED22ACE0890096184B /* AppDelegate.swift */,
				25A51EF122ACE0890096184B /* Main.storyboard */,
				25A51EF422ACE08A0096184B /* Assets.xcassets */,
				25A51EF622ACE08A0096184B /* LaunchScreen.storyboard */,
				25A51EF922ACE08A0096184B /* Info.plist */,
				25A51F3822AD7C240096184B /* Common */,
				25A0FC6122AED5EC00AEFBDD /* MainAssembler.swift */,
			);
			path = MovieDB;
			sourceTree = "<group>";
		};
		25A51F0122ACE08A0096184B /* MovieDBTests */ = {
			isa = PBXGroup;
			children = (
				25A51F0222ACE08A0096184B /* MovieDBTests.swift */,
				25A51F0422ACE08A0096184B /* Info.plist */,
				2540B9E322B0104D003F6437 /* MovieListingTests */,
			);
			path = MovieDBTests;
			sourceTree = "<group>";
		};
		25A51F0C22ACE08A0096184B /* MovieDBUITests */ = {
			isa = PBXGroup;
			children = (
				25A51F0D22ACE08A0096184B /* MovieDBUITests.swift */,
				25A51F0F22ACE08A0096184B /* Info.plist */,
			);
			path = MovieDBUITests;
			sourceTree = "<group>";
		};
		25A51F2222ACE38C0096184B /* MovieListItem */ = {
			isa = PBXGroup;
			children = (
				25A51F2522ACFF9D0096184B /* MovieListingViewCell.swift */,
			);
			path = MovieListItem;
			sourceTree = "<group>";
		};
		25A51F2B22AD502E0096184B /* MovieListing */ = {
			isa = PBXGroup;
			children = (
				25FA5BB222B2C48700F5C872 /* Network */,
				25A0FC5C22AEA87900AEFBDD /* Presenter */,
				25A51F3722AD66BA0096184B /* Models */,
				25A51F2D22AD50630096184B /* View */,
				25A51F3022AD512E0096184B /* Interactor */,
			);
			path = MovieListing;
			sourceTree = "<group>";
		};
		25A51F2C22AD50520096184B /* MovieDetail */ = {
			isa = PBXGroup;
			children = (
				25A51F2922AD27E80096184B /* MovieDetailViewController.swift */,
			);
			path = MovieDetail;
			sourceTree = "<group>";
		};
		25A51F2D22AD50630096184B /* View */ = {
			isa = PBXGroup;
			children = (
				25A51F2222ACE38C0096184B /* MovieListItem */,
				25A51F2322ACE66B0096184B /* MovieListingDataSource.swift */,
				25A51F2722AD24820096184B /* MovieListItemListener.swift */,
				25A51EEF22ACE0890096184B /* ViewController.swift */,
			);
			path = View;
			sourceTree = "<group>";
		};
		25A51F3022AD512E0096184B /* Interactor */ = {
			isa = PBXGroup;
			children = (
				25A51F2E22AD50CB0096184B /* MovieInteractor.swift */,
				25A51F3122AD51830096184B /* MovieInteractorImpl.swift */,
			);
			path = Interactor;
			sourceTree = "<group>";
		};
		25A51F3722AD66BA0096184B /* Models */ = {
			isa = PBXGroup;
			children = (
				25A51F3522AD60AE0096184B /* ListingModel.swift */,
			);
			path = Models;
			sourceTree = "<group>";
		};
		25A51F3822AD7C240096184B /* Common */ = {
			isa = PBXGroup;
			children = (
				25A51F3322AD5F9C0096184B /* Constants.swift */,
				25A51F3922AD7C3A0096184B /* ImageExtensions.swift */,
			);
			path = Common;
			sourceTree = "<group>";
		};
		25FA5BB222B2C48700F5C872 /* Network */ = {
			isa = PBXGroup;
			children = (
				25FA5BB322B2C4B000F5C872 /* MovieListingService.swift */,
				25FA5BB522B2C50400F5C872 /* MovieListingServiceImpl.swift */,
			);
			path = Network;
			sourceTree = "<group>";
		};
		79052F6644FF0676B7907AD2 /* Frameworks */ = {
			isa = PBXGroup;
			children = (
				A56FA9DD9E6223B7DA2D05EF /* Pods_MovieDB.framework */,
			);
			name = Frameworks;
			sourceTree = "<group>";
		};
		E5368465C4E47B08BDF33407 /* Pods */ = {
			isa = PBXGroup;
			children = (
				5882DA86AB112550B4BAB93C /* Pods-MovieDB.debug.xcconfig */,
				C8BA239EC1CF248A4D3AAFAE /* Pods-MovieDB.release.xcconfig */,
			);
			path = Pods;
			sourceTree = "<group>";
		};
/* End PBXGroup section */

/* Begin PBXNativeTarget section */
		25A51EE922ACE0890096184B /* MovieDB */ = {
			isa = PBXNativeTarget;
			buildConfigurationList = 25A51F1222ACE08A0096184B /* Build configuration list for PBXNativeTarget "MovieDB" */;
			buildPhases = (
				58935B48D76B172DA11B1A4F /* [CP] Check Pods Manifest.lock */,
				25A51EE622ACE0890096184B /* Sources */,
				25A51EE722ACE0890096184B /* Frameworks */,
				25A51EE822ACE0890096184B /* Resources */,
				37C72811AA9BDDA2B9C2D0CB /* [CP] Embed Pods Frameworks */,
			);
			buildRules = (
			);
			dependencies = (
			);
			name = MovieDB;
			productName = MovieDB;
			productReference = 25A51EEA22ACE0890096184B /* MovieDB.app */;
			productType = "com.apple.product-type.application";
		};
		25A51EFD22ACE08A0096184B /* MovieDBTests */ = {
			isa = PBXNativeTarget;
			buildConfigurationList = 25A51F1522ACE08A0096184B /* Build configuration list for PBXNativeTarget "MovieDBTests" */;
			buildPhases = (
				25A51EFA22ACE08A0096184B /* Sources */,
				25A51EFB22ACE08A0096184B /* Frameworks */,
				25A51EFC22ACE08A0096184B /* Resources */,
			);
			buildRules = (
			);
			dependencies = (
				25A51F0022ACE08A0096184B /* PBXTargetDependency */,
			);
			name = MovieDBTests;
			productName = MovieDBTests;
			productReference = 25A51EFE22ACE08A0096184B /* MovieDBTests.xctest */;
			productType = "com.apple.product-type.bundle.unit-test";
		};
		25A51F0822ACE08A0096184B /* MovieDBUITests */ = {
			isa = PBXNativeTarget;
			buildConfigurationList = 25A51F1822ACE08A0096184B /* Build configuration list for PBXNativeTarget "MovieDBUITests" */;
			buildPhases = (
				25A51F0522ACE08A0096184B /* Sources */,
				25A51F0622ACE08A0096184B /* Frameworks */,
				25A51F0722ACE08A0096184B /* Resources */,
			);
			buildRules = (
			);
			dependencies = (
				25A51F0B22ACE08A0096184B /* PBXTargetDependency */,
			);
			name = MovieDBUITests;
			productName = MovieDBUITests;
			productReference = 25A51F0922ACE08A0096184B /* MovieDBUITests.xctest */;
			productType = "com.apple.product-type.bundle.ui-testing";
		};
/* End PBXNativeTarget section */

/* Begin PBXProject section */
		25A51EE222ACE0890096184B /* Project object */ = {
			isa = PBXProject;
			attributes = {
				LastSwiftUpdateCheck = 1020;
				LastUpgradeCheck = 1020;
				ORGANIZATIONNAME = "Venkatesh Pamarthi";
				TargetAttributes = {
					25A51EE922ACE0890096184B = {
						CreatedOnToolsVersion = 10.2.1;
					};
					25A51EFD22ACE08A0096184B = {
						CreatedOnToolsVersion = 10.2.1;
						TestTargetID = 25A51EE922ACE0890096184B;
					};
					25A51F0822ACE08A0096184B = {
						CreatedOnToolsVersion = 10.2.1;
						TestTargetID = 25A51EE922ACE0890096184B;
					};
				};
			};
			buildConfigurationList = 25A51EE522ACE0890096184B /* Build configuration list for PBXProject "MovieDB" */;
			compatibilityVersion = "Xcode 9.3";
			developmentRegion = en;
			hasScannedForEncodings = 0;
			knownRegions = (
				en,
				Base,
			);
			mainGroup = 25A51EE122ACE0890096184B;
			productRefGroup = 25A51EEB22ACE0890096184B /* Products */;
			projectDirPath = "";
			projectRoot = "";
			targets = (
				25A51EE922ACE0890096184B /* MovieDB */,
				25A51EFD22ACE08A0096184B /* MovieDBTests */,
				25A51F0822ACE08A0096184B /* MovieDBUITests */,
			);
		};
/* End PBXProject section */

/* Begin PBXResourcesBuildPhase section */
		25A51EE822ACE0890096184B /* Resources */ = {
			isa = PBXResourcesBuildPhase;
			buildActionMask = 2147483647;
			files = (
				25A51EF822ACE08A0096184B /* LaunchScreen.storyboard in Resources */,
				25A51EF522ACE08A0096184B /* Assets.xcassets in Resources */,
				25A51EF322ACE0890096184B /* Main.storyboard in Resources */,
			);
			runOnlyForDeploymentPostprocessing = 0;
		};
		25A51EFC22ACE08A0096184B /* Resources */ = {
			isa = PBXResourcesBuildPhase;
			buildActionMask = 2147483647;
			files = (
			);
			runOnlyForDeploymentPostprocessing = 0;
		};
		25A51F0722ACE08A0096184B /* Resources */ = {
			isa = PBXResourcesBuildPhase;
			buildActionMask = 2147483647;
			files = (
			);
			runOnlyForDeploymentPostprocessing = 0;
		};
/* End PBXResourcesBuildPhase section */

/* Begin PBXShellScriptBuildPhase section */
		37C72811AA9BDDA2B9C2D0CB /* [CP] Embed Pods Frameworks */ = {
			isa = PBXShellScriptBuildPhase;
			buildActionMask = 2147483647;
			files = (
			);
			inputFileListPaths = (
				"${PODS_ROOT}/Target Support Files/Pods-MovieDB/Pods-MovieDB-frameworks-${CONFIGURATION}-input-files.xcfilelist",
			);
			name = "[CP] Embed Pods Frameworks";
			outputFileListPaths = (
				"${PODS_ROOT}/Target Support Files/Pods-MovieDB/Pods-MovieDB-frameworks-${CONFIGURATION}-output-files.xcfilelist",
			);
			runOnlyForDeploymentPostprocessing = 0;
			shellPath = /bin/sh;
			shellScript = "\"${PODS_ROOT}/Target Support Files/Pods-MovieDB/Pods-MovieDB-frameworks.sh\"\n";
			showEnvVarsInLog = 0;
		};
		58935B48D76B172DA11B1A4F /* [CP] Check Pods Manifest.lock */ = {
			isa = PBXShellScriptBuildPhase;
			buildActionMask = 2147483647;
			files = (
			);
			inputFileListPaths = (
			);
			inputPaths = (
				"${PODS_PODFILE_DIR_PATH}/Podfile.lock",
				"${PODS_ROOT}/Manifest.lock",
			);
			name = "[CP] Check Pods Manifest.lock";
			outputFileListPaths = (
			);
			outputPaths = (
				"$(DERIVED_FILE_DIR)/Pods-MovieDB-checkManifestLockResult.txt",
			);
			runOnlyForDeploymentPostprocessing = 0;
			shellPath = /bin/sh;
			shellScript = "diff \"${PODS_PODFILE_DIR_PATH}/Podfile.lock\" \"${PODS_ROOT}/Manifest.lock\" > /dev/null\nif [ $? != 0 ] ; then\n    # print error to STDERR\n    echo \"error: The sandbox is not in sync with the Podfile.lock. Run 'pod install' or update your CocoaPods installation.\" >&2\n    exit 1\nfi\n# This output is used by Xcode 'outputs' to avoid re-running this script phase.\necho \"SUCCESS\" > \"${SCRIPT_OUTPUT_FILE_0}\"\n";
			showEnvVarsInLog = 0;
		};
/* End PBXShellScriptBuildPhase section */

/* Begin PBXSourcesBuildPhase section */
		25A51EE622ACE0890096184B /* Sources */ = {
			isa = PBXSourcesBuildPhase;
			buildActionMask = 2147483647;
			files = (
				25A51F2422ACE66B0096184B /* MovieListingDataSource.swift in Sources */,
				25A51F3222AD51830096184B /* MovieInteractorImpl.swift in Sources */,
				25A51EF022ACE0890096184B /* ViewController.swift in Sources */,
				25A51F3A22AD7C3A0096184B /* ImageExtensions.swift in Sources */,
				25A51F2822AD24820096184B /* MovieListItemListener.swift in Sources */,
				25FA5BB622B2C50400F5C872 /* MovieListingServiceImpl.swift in Sources */,
				25A51F3622AD60AE0096184B /* ListingModel.swift in Sources */,
				25A51F2622ACFF9D0096184B /* MovieListingViewCell.swift in Sources */,
				25A51F2F22AD50CB0096184B /* MovieInteractor.swift in Sources */,
				25A51F2A22AD27E80096184B /* MovieDetailViewController.swift in Sources */,
				25A0FC6222AED5EC00AEFBDD /* MainAssembler.swift in Sources */,
				25A51EEE22ACE0890096184B /* AppDelegate.swift in Sources */,
				25A0FC5E22AEA94500AEFBDD /* MovieListingPresenter.swift in Sources */,
				25A51F3422AD5F9C0096184B /* Constants.swift in Sources */,
				25FA5BB422B2C4B000F5C872 /* MovieListingService.swift in Sources */,
				25A0FC6022AEA97B00AEFBDD /* MovieListingPresenterImpl.swift in Sources */,
			);
			runOnlyForDeploymentPostprocessing = 0;
		};
		25A51EFA22ACE08A0096184B /* Sources */ = {
			isa = PBXSourcesBuildPhase;
			buildActionMask = 2147483647;
			files = (
				2540B9DD22AFFF97003F6437 /* MovieListingPresenterImplTest.swift in Sources */,
				2540B9E122B00E4A003F6437 /* MovieInteractorImplTest.swift in Sources */,
				25FA5BB822B2C89700F5C872 /* MockMovieListingServiceImpl.swift in Sources */,
				2540B9DF22B00493003F6437 /* MovieListingInteractorMock.swift in Sources */,
				25A51F0322ACE08A0096184B /* MovieDBTests.swift in Sources */,
			);
			runOnlyForDeploymentPostprocessing = 0;
		};
		25A51F0522ACE08A0096184B /* Sources */ = {
			isa = PBXSourcesBuildPhase;
			buildActionMask = 2147483647;
			files = (
				25A51F0E22ACE08A0096184B /* MovieDBUITests.swift in Sources */,
			);
			runOnlyForDeploymentPostprocessing = 0;
		};
/* End PBXSourcesBuildPhase section */

/* Begin PBXTargetDependency section */
		25A51F0022ACE08A0096184B /* PBXTargetDependency */ = {
			isa = PBXTargetDependency;
			target = 25A51EE922ACE0890096184B /* MovieDB */;
			targetProxy = 25A51EFF22ACE08A0096184B /* PBXContainerItemProxy */;
		};
		25A51F0B22ACE08A0096184B /* PBXTargetDependency */ = {
			isa = PBXTargetDependency;
			target = 25A51EE922ACE0890096184B /* MovieDB */;
			targetProxy = 25A51F0A22ACE08A0096184B /* PBXContainerItemProxy */;
		};
/* End PBXTargetDependency section */

/* Begin PBXVariantGroup section */
		25A51EF122ACE0890096184B /* Main.storyboard */ = {
			isa = PBXVariantGroup;
			children = (
				25A51EF222ACE0890096184B /* Base */,
			);
			name = Main.storyboard;
			sourceTree = "<group>";
		};
		25A51EF622ACE08A0096184B /* LaunchScreen.storyboard */ = {
			isa = PBXVariantGroup;
			children = (
				25A51EF722ACE08A0096184B /* Base */,
			);
			name = LaunchScreen.storyboard;
			sourceTree = "<group>";
		};
/* End PBXVariantGroup section */

/* Begin XCBuildConfiguration section */
		25A51F1022ACE08A0096184B /* Debug */ = {
			isa = XCBuildConfiguration;
			buildSettings = {
				ALWAYS_SEARCH_USER_PATHS = NO;
				CLANG_ANALYZER_NONNULL = YES;
				CLANG_ANALYZER_NUMBER_OBJECT_CONVERSION = YES_AGGRESSIVE;
				CLANG_CXX_LANGUAGE_STANDARD = "gnu++14";
				CLANG_CXX_LIBRARY = "libc++";
				CLANG_ENABLE_MODULES = YES;
				CLANG_ENABLE_OBJC_ARC = YES;
				CLANG_ENABLE_OBJC_WEAK = YES;
				CLANG_WARN_BLOCK_CAPTURE_AUTORELEASING = YES;
				CLANG_WARN_BOOL_CONVERSION = YES;
				CLANG_WARN_COMMA = YES;
				CLANG_WARN_CONSTANT_CONVERSION = YES;
				CLANG_WARN_DEPRECATED_OBJC_IMPLEMENTATIONS = YES;
				CLANG_WARN_DIRECT_OBJC_ISA_USAGE = YES_ERROR;
				CLANG_WARN_DOCUMENTATION_COMMENTS = YES;
				CLANG_WARN_EMPTY_BODY = YES;
				CLANG_WARN_ENUM_CONVERSION = YES;
				CLANG_WARN_INFINITE_RECURSION = YES;
				CLANG_WARN_INT_CONVERSION = YES;
				CLANG_WARN_NON_LITERAL_NULL_CONVERSION = YES;
				CLANG_WARN_OBJC_IMPLICIT_RETAIN_SELF = YES;
				CLANG_WARN_OBJC_LITERAL_CONVERSION = YES;
				CLANG_WARN_OBJC_ROOT_CLASS = YES_ERROR;
				CLANG_WARN_RANGE_LOOP_ANALYSIS = YES;
				CLANG_WARN_STRICT_PROTOTYPES = YES;
				CLANG_WARN_SUSPICIOUS_MOVE = YES;
				CLANG_WARN_UNGUARDED_AVAILABILITY = YES_AGGRESSIVE;
				CLANG_WARN_UNREACHABLE_CODE = YES;
				CLANG_WARN__DUPLICATE_METHOD_MATCH = YES;
				CODE_SIGN_IDENTITY = "iPhone Developer";
				COPY_PHASE_STRIP = NO;
				DEBUG_INFORMATION_FORMAT = dwarf;
				ENABLE_STRICT_OBJC_MSGSEND = YES;
				ENABLE_TESTABILITY = YES;
				GCC_C_LANGUAGE_STANDARD = gnu11;
				GCC_DYNAMIC_NO_PIC = NO;
				GCC_NO_COMMON_BLOCKS = YES;
				GCC_OPTIMIZATION_LEVEL = 0;
				GCC_PREPROCESSOR_DEFINITIONS = (
					"DEBUG=1",
					"$(inherited)",
				);
				GCC_WARN_64_TO_32_BIT_CONVERSION = YES;
				GCC_WARN_ABOUT_RETURN_TYPE = YES_ERROR;
				GCC_WARN_UNDECLARED_SELECTOR = YES;
				GCC_WARN_UNINITIALIZED_AUTOS = YES_AGGRESSIVE;
				GCC_WARN_UNUSED_FUNCTION = YES;
				GCC_WARN_UNUSED_VARIABLE = YES;
				IPHONEOS_DEPLOYMENT_TARGET = 12.2;
				MTL_ENABLE_DEBUG_INFO = INCLUDE_SOURCE;
				MTL_FAST_MATH = YES;
				ONLY_ACTIVE_ARCH = YES;
				SDKROOT = iphoneos;
				SWIFT_ACTIVE_COMPILATION_CONDITIONS = DEBUG;
				SWIFT_OPTIMIZATION_LEVEL = "-Onone";
			};
			name = Debug;
		};
		25A51F1122ACE08A0096184B /* Release */ = {
			isa = XCBuildConfiguration;
			buildSettings = {
				ALWAYS_SEARCH_USER_PATHS = NO;
				CLANG_ANALYZER_NONNULL = YES;
				CLANG_ANALYZER_NUMBER_OBJECT_CONVERSION = YES_AGGRESSIVE;
				CLANG_CXX_LANGUAGE_STANDARD = "gnu++14";
				CLANG_CXX_LIBRARY = "libc++";
				CLANG_ENABLE_MODULES = YES;
				CLANG_ENABLE_OBJC_ARC = YES;
				CLANG_ENABLE_OBJC_WEAK = YES;
				CLANG_WARN_BLOCK_CAPTURE_AUTORELEASING = YES;
				CLANG_WARN_BOOL_CONVERSION = YES;
				CLANG_WARN_COMMA = YES;
				CLANG_WARN_CONSTANT_CONVERSION = YES;
				CLANG_WARN_DEPRECATED_OBJC_IMPLEMENTATIONS = YES;
				CLANG_WARN_DIRECT_OBJC_ISA_USAGE = YES_ERROR;
				CLANG_WARN_DOCUMENTATION_COMMENTS = YES;
				CLANG_WARN_EMPTY_BODY = YES;
				CLANG_WARN_ENUM_CONVERSION = YES;
				CLANG_WARN_INFINITE_RECURSION = YES;
				CLANG_WARN_INT_CONVERSION = YES;
				CLANG_WARN_NON_LITERAL_NULL_CONVERSION = YES;
				CLANG_WARN_OBJC_IMPLICIT_RETAIN_SELF = YES;
				CLANG_WARN_OBJC_LITERAL_CONVERSION = YES;
				CLANG_WARN_OBJC_ROOT_CLASS = YES_ERROR;
				CLANG_WARN_RANGE_LOOP_ANALYSIS = YES;
				CLANG_WARN_STRICT_PROTOTYPES = YES;
				CLANG_WARN_SUSPICIOUS_MOVE = YES;
				CLANG_WARN_UNGUARDED_AVAILABILITY = YES_AGGRESSIVE;
				CLANG_WARN_UNREACHABLE_CODE = YES;
				CLANG_WARN__DUPLICATE_METHOD_MATCH = YES;
				CODE_SIGN_IDENTITY = "iPhone Developer";
				COPY_PHASE_STRIP = NO;
				DEBUG_INFORMATION_FORMAT = "dwarf-with-dsym";
				ENABLE_NS_ASSERTIONS = NO;
				ENABLE_STRICT_OBJC_MSGSEND = YES;
				GCC_C_LANGUAGE_STANDARD = gnu11;
				GCC_NO_COMMON_BLOCKS = YES;
				GCC_WARN_64_TO_32_BIT_CONVERSION = YES;
				GCC_WARN_ABOUT_RETURN_TYPE = YES_ERROR;
				GCC_WARN_UNDECLARED_SELECTOR = YES;
				GCC_WARN_UNINITIALIZED_AUTOS = YES_AGGRESSIVE;
				GCC_WARN_UNUSED_FUNCTION = YES;
				GCC_WARN_UNUSED_VARIABLE = YES;
				IPHONEOS_DEPLOYMENT_TARGET = 12.2;
				MTL_ENABLE_DEBUG_INFO = NO;
				MTL_FAST_MATH = YES;
				SDKROOT = iphoneos;
				SWIFT_COMPILATION_MODE = wholemodule;
				SWIFT_OPTIMIZATION_LEVEL = "-O";
				VALIDATE_PRODUCT = YES;
			};
			name = Release;
		};
		25A51F1322ACE08A0096184B /* Debug */ = {
			isa = XCBuildConfiguration;
			baseConfigurationReference = 5882DA86AB112550B4BAB93C /* Pods-MovieDB.debug.xcconfig */;
			buildSettings = {
				ASSETCATALOG_COMPILER_APPICON_NAME = AppIcon;
				CODE_SIGN_STYLE = Automatic;
				DEVELOPMENT_TEAM = 2BSJSTJSGG;
				INFOPLIST_FILE = MovieDB/Info.plist;
				LD_RUNPATH_SEARCH_PATHS = (
					"$(inherited)",
					"@executable_path/Frameworks",
				);
				PRODUCT_BUNDLE_IDENTIFIER = venkatesh.MovieDB;
				PRODUCT_NAME = "$(TARGET_NAME)";
				SWIFT_VERSION = 5.0;
				TARGETED_DEVICE_FAMILY = "1,2";
			};
			name = Debug;
		};
		25A51F1422ACE08A0096184B /* Release */ = {
			isa = XCBuildConfiguration;
			baseConfigurationReference = C8BA239EC1CF248A4D3AAFAE /* Pods-MovieDB.release.xcconfig */;
			buildSettings = {
				ASSETCATALOG_COMPILER_APPICON_NAME = AppIcon;
				CODE_SIGN_STYLE = Automatic;
				DEVELOPMENT_TEAM = 2BSJSTJSGG;
				INFOPLIST_FILE = MovieDB/Info.plist;
				LD_RUNPATH_SEARCH_PATHS = (
					"$(inherited)",
					"@executable_path/Frameworks",
				);
				PRODUCT_BUNDLE_IDENTIFIER = venkatesh.MovieDB;
				PRODUCT_NAME = "$(TARGET_NAME)";
				SWIFT_VERSION = 5.0;
				TARGETED_DEVICE_FAMILY = "1,2";
			};
			name = Release;
		};
		25A51F1622ACE08A0096184B /* Debug */ = {
			isa = XCBuildConfiguration;
			buildSettings = {
				ALWAYS_EMBED_SWIFT_STANDARD_LIBRARIES = YES;
				BUNDLE_LOADER = "$(TEST_HOST)";
				CODE_SIGN_STYLE = Automatic;
				DEVELOPMENT_TEAM = 2BSJSTJSGG;
				INFOPLIST_FILE = MovieDBTests/Info.plist;
				LD_RUNPATH_SEARCH_PATHS = (
					"$(inherited)",
					"@executable_path/Frameworks",
					"@loader_path/Frameworks",
				);
				PRODUCT_BUNDLE_IDENTIFIER = venkatesh.MovieDBTests;
				PRODUCT_NAME = "$(TARGET_NAME)";
				SWIFT_VERSION = 5.0;
				TARGETED_DEVICE_FAMILY = "1,2";
				TEST_HOST = "$(BUILT_PRODUCTS_DIR)/MovieDB.app/MovieDB";
			};
			name = Debug;
		};
		25A51F1722ACE08A0096184B /* Release */ = {
			isa = XCBuildConfiguration;
			buildSettings = {
				ALWAYS_EMBED_SWIFT_STANDARD_LIBRARIES = YES;
				BUNDLE_LOADER = "$(TEST_HOST)";
				CODE_SIGN_STYLE = Automatic;
				DEVELOPMENT_TEAM = 2BSJSTJSGG;
				INFOPLIST_FILE = MovieDBTests/Info.plist;
				LD_RUNPATH_SEARCH_PATHS = (
					"$(inherited)",
					"@executable_path/Frameworks",
					"@loader_path/Frameworks",
				);
				PRODUCT_BUNDLE_IDENTIFIER = venkatesh.MovieDBTests;
				PRODUCT_NAME = "$(TARGET_NAME)";
				SWIFT_VERSION = 5.0;
				TARGETED_DEVICE_FAMILY = "1,2";
				TEST_HOST = "$(BUILT_PRODUCTS_DIR)/MovieDB.app/MovieDB";
			};
			name = Release;
		};
		25A51F1922ACE08A0096184B /* Debug */ = {
			isa = XCBuildConfiguration;
			buildSettings = {
				ALWAYS_EMBED_SWIFT_STANDARD_LIBRARIES = YES;
				CODE_SIGN_STYLE = Automatic;
				DEVELOPMENT_TEAM = 2BSJSTJSGG;
				INFOPLIST_FILE = MovieDBUITests/Info.plist;
				LD_RUNPATH_SEARCH_PATHS = (
					"$(inherited)",
					"@executable_path/Frameworks",
					"@loader_path/Frameworks",
				);
				PRODUCT_BUNDLE_IDENTIFIER = venkatesh.MovieDBUITests;
				PRODUCT_NAME = "$(TARGET_NAME)";
				SWIFT_VERSION = 5.0;
				TARGETED_DEVICE_FAMILY = "1,2";
				TEST_TARGET_NAME = MovieDB;
			};
			name = Debug;
		};
		25A51F1A22ACE08A0096184B /* Release */ = {
			isa = XCBuildConfiguration;
			buildSettings = {
				ALWAYS_EMBED_SWIFT_STANDARD_LIBRARIES = YES;
				CODE_SIGN_STYLE = Automatic;
				DEVELOPMENT_TEAM = 2BSJSTJSGG;
				INFOPLIST_FILE = MovieDBUITests/Info.plist;
				LD_RUNPATH_SEARCH_PATHS = (
					"$(inherited)",
					"@executable_path/Frameworks",
					"@loader_path/Frameworks",
				);
				PRODUCT_BUNDLE_IDENTIFIER = venkatesh.MovieDBUITests;
				PRODUCT_NAME = "$(TARGET_NAME)";
				SWIFT_VERSION = 5.0;
				TARGETED_DEVICE_FAMILY = "1,2";
				TEST_TARGET_NAME = MovieDB;
			};
			name = Release;
		};
/* End XCBuildConfiguration section */

/* Begin XCConfigurationList section */
		25A51EE522ACE0890096184B /* Build configuration list for PBXProject "MovieDB" */ = {
			isa = XCConfigurationList;
			buildConfigurations = (
				25A51F1022ACE08A0096184B /* Debug */,
				25A51F1122ACE08A0096184B /* Release */,
			);
			defaultConfigurationIsVisible = 0;
			defaultConfigurationName = Release;
		};
		25A51F1222ACE08A0096184B /* Build configuration list for PBXNativeTarget "MovieDB" */ = {
			isa = XCConfigurationList;
			buildConfigurations = (
				25A51F1322ACE08A0096184B /* Debug */,
				25A51F1422ACE08A0096184B /* Release */,
			);
			defaultConfigurationIsVisible = 0;
			defaultConfigurationName = Release;
		};
		25A51F1522ACE08A0096184B /* Build configuration list for PBXNativeTarget "MovieDBTests" */ = {
			isa = XCConfigurationList;
			buildConfigurations = (
				25A51F1622ACE08A0096184B /* Debug */,
				25A51F1722ACE08A0096184B /* Release */,
			);
			defaultConfigurationIsVisible = 0;
			defaultConfigurationName = Release;
		};
		25A51F1822ACE08A0096184B /* Build configuration list for PBXNativeTarget "MovieDBUITests" */ = {
			isa = XCConfigurationList;
			buildConfigurations = (
				25A51F1922ACE08A0096184B /* Debug */,
				25A51F1A22ACE08A0096184B /* Release */,
			);
			defaultConfigurationIsVisible = 0;
			defaultConfigurationName = Release;
		};
/* End XCConfigurationList section */
	};
	rootObject = 25A51EE222ACE0890096184B /* Project object */;
}
